
Microsoft Visual Studio Solution File, Format Version 12.00
# Visual Studio Version 17
VisualStudioVersion = 17.0.31912.275
MinimumVisualStudioVersion = 10.0.40219.1
Project("{FAE04EC0-301F-11D3-BF4B-00C04F79EFBC}") = "DAL", "DAL\DAL.csproj", "{74AD22CB-F0C3-47A7-B267-24BB05C78954}"
EndProject
Project("{FAE04EC0-301F-11D3-BF4B-00C04F79EFBC}") = "BL", "BL\BL.csproj", "{68E3BDFB-7362-44EF-86E0-BAAB6C33237F}"
EndProject
Project("{FAE04EC0-301F-11D3-BF4B-00C04F79EFBC}") = "API", "API\API.csproj", "{DA6A216F-88FF-449B-9C12-1538DF6BEA16}"
EndProject
Global
	GlobalSection(SolutionConfigurationPlatforms) = preSolution
		Debug|Any CPU = Debug|Any CPU
		Release|Any CPU = Release|Any CPU
	EndGlobalSection
	GlobalSection(ProjectConfigurationPlatforms) = postSolution
		{74AD22CB-F0C3-47A7-B267-24BB05C78954}.Debug|Any CPU.ActiveCfg = Debug|Any CPU
		{74AD22CB-F0C3-47A7-B267-24BB05C78954}.Debug|Any CPU.Build.0 = Debug|Any CPU
		{74AD22CB-F0C3-47A7-B267-24BB05C78954}.Release|Any CPU.ActiveCfg = Release|Any CPU
		{74AD22CB-F0C3-47A7-B267-24BB05C78954}.Release|Any CPU.Build.0 = Release|Any CPU
		{68E3BDFB-7362-44EF-86E0-BAAB6C33237F}.Debug|Any CPU.ActiveCfg = Debug|Any CPU
		{68E3BDFB-7362-44EF-86E0-BAAB6C33237F}.Debug|Any CPU.Build.0 = Debug|Any CPU
		{68E3BDFB-7362-44EF-86E0-BAAB6C33237F}.Release|Any CPU.ActiveCfg = Release|Any CPU
		{68E3BDFB-7362-44EF-86E0-BAAB6C33237F}.Release|Any CPU.Build.0 = Release|Any CPU
		{DA6A216F-88FF-449B-9C12-1538DF6BEA16}.Debug|Any CPU.ActiveCfg = Debug|Any CPU
		{DA6A216F-88FF-449B-9C12-1538DF6BEA16}.Debug|Any CPU.Build.0 = Debug|Any CPU
		{DA6A216F-88FF-449B-9C12-1538DF6BEA16}.Release|Any CPU.ActiveCfg = Release|Any CPU
		{DA6A216F-88FF-449B-9C12-1538DF6BEA16}.Release|Any CPU.Build.0 = Release|Any CPU
	EndGlobalSection
	GlobalSection(SolutionProperties) = preSolution
		HideSolutionNode = FALSE
	EndGlobalSection
	GlobalSection(ExtensibilityGlobals) = postSolution
		SolutionGuid = {F8AB00BF-E201-454F-A309-72B2C045F9C5}
	EndGlobalSection
EndGlobal
