
Microsoft Visual Studio Solution File, Format Version 12.00
# Visual Studio Version 17
VisualStudioVersion = 17.0.31912.275
MinimumVisualStudioVersion = 10.0.40219.1
Project("{FAE04EC0-301F-11D3-BF4B-00C04F79EFBC}") = "Domain", "Domain\Domain.csproj", "{8E5323E3-0D15-4049-9993-2CE3663BD378}"
EndProject
Project("{FAE04EC0-301F-11D3-BF4B-00C04F79EFBC}") = "Infrastructure", "Infrastructure\Infrastructure.csproj", "{FDA4575E-88EC-4AE1-B557-EEFF78A45295}"
EndProject
Project("{FAE04EC0-301F-11D3-BF4B-00C04F79EFBC}") = "Service", "Service\Service.csproj", "{7E7F8340-256D-466C-BEF7-E75044448849}"
EndProject
Project("{FAE04EC0-301F-11D3-BF4B-00C04F79EFBC}") = "WebAPI", "WebAPI\WebAPI.csproj", "{70BDAC95-427F-4806-ACE4-7F2F232D1A09}"
EndProject
Global
	GlobalSection(SolutionConfigurationPlatforms) = preSolution
		Debug|Any CPU = Debug|Any CPU
		Release|Any CPU = Release|Any CPU
	EndGlobalSection
	GlobalSection(ProjectConfigurationPlatforms) = postSolution
		{8E5323E3-0D15-4049-9993-2CE3663BD378}.Debug|Any CPU.ActiveCfg = Debug|Any CPU
		{8E5323E3-0D15-4049-9993-2CE3663BD378}.Debug|Any CPU.Build.0 = Debug|Any CPU
		{8E5323E3-0D15-4049-9993-2CE3663BD378}.Release|Any CPU.ActiveCfg = Release|Any CPU
		{8E5323E3-0D15-4049-9993-2CE3663BD378}.Release|Any CPU.Build.0 = Release|Any CPU
		{FDA4575E-88EC-4AE1-B557-EEFF78A45295}.Debug|Any CPU.ActiveCfg = Debug|Any CPU
		{FDA4575E-88EC-4AE1-B557-EEFF78A45295}.Debug|Any CPU.Build.0 = Debug|Any CPU
		{FDA4575E-88EC-4AE1-B557-EEFF78A45295}.Release|Any CPU.ActiveCfg = Release|Any CPU
		{FDA4575E-88EC-4AE1-B557-EEFF78A45295}.Release|Any CPU.Build.0 = Release|Any CPU
		{7E7F8340-256D-466C-BEF7-E75044448849}.Debug|Any CPU.ActiveCfg = Debug|Any CPU
		{7E7F8340-256D-466C-BEF7-E75044448849}.Debug|Any CPU.Build.0 = Debug|Any CPU
		{7E7F8340-256D-466C-BEF7-E75044448849}.Release|Any CPU.ActiveCfg = Release|Any CPU
		{7E7F8340-256D-466C-BEF7-E75044448849}.Release|Any CPU.Build.0 = Release|Any CPU
		{70BDAC95-427F-4806-ACE4-7F2F232D1A09}.Debug|Any CPU.ActiveCfg = Debug|Any CPU
		{70BDAC95-427F-4806-ACE4-7F2F232D1A09}.Debug|Any CPU.Build.0 = Debug|Any CPU
		{70BDAC95-427F-4806-ACE4-7F2F232D1A09}.Release|Any CPU.ActiveCfg = Release|Any CPU
		{70BDAC95-427F-4806-ACE4-7F2F232D1A09}.Release|Any CPU.Build.0 = Release|Any CPU
	EndGlobalSection
	GlobalSection(SolutionProperties) = preSolution
		HideSolutionNode = FALSE
	EndGlobalSection
	GlobalSection(ExtensibilityGlobals) = postSolution
		SolutionGuid = {F8AB00BF-E201-454F-A309-72B2C045F9C5}
	EndGlobalSection
EndGlobal
